
Microsoft Visual Studio Solution File, Format Version 12.00
# Visual Studio 15
VisualStudioVersion = 15.0.27428.1
MinimumVisualStudioVersion = 10.0.40219.1
Project("{9A19103F-16F7-4668-BE54-9A1E7A4F7556}") = "Leaderboard", "Leaderboard\Leaderboard.csproj", "{05AC7328-10BD-497D-BF91-864019C734AA}"
	ProjectSection(ProjectDependencies) = postProject
		{D202DA77-74DE-44EE-B95C-13EB12A7663E} = {D202DA77-74DE-44EE-B95C-13EB12A7663E}
	EndProjectSection
EndProject
Project("{9A19103F-16F7-4668-BE54-9A1E7A4F7556}") = "SharedLibrary", "SharedLibrary\SharedLibrary.csproj", "{D202DA77-74DE-44EE-B95C-13EB12A7663E}"
EndProject
Project("{9A19103F-16F7-4668-BE54-9A1E7A4F7556}") = "CLI", "CLI\CLI.csproj", "{B3E8DE70-97B4-4E2E-924A-9233DFF8403A}"
EndProject
Project("{9A19103F-16F7-4668-BE54-9A1E7A4F7556}") = "SharedLibrary.Test", "SharedLibrary.Test\SharedLibrary.Test.csproj", "{11576BCF-38F6-4836-A507-1BF863D1BE19}"
EndProject
Project("{9A19103F-16F7-4668-BE54-9A1E7A4F7556}") = "Leaderboard.Test", "Leaderboard.Test\Leaderboard.Test.csproj", "{C901A942-03CA-441D-9DE7-7F53FFBB76B5}"
	ProjectSection(ProjectDependencies) = postProject
		{D202DA77-74DE-44EE-B95C-13EB12A7663E} = {D202DA77-74DE-44EE-B95C-13EB12A7663E}
	EndProjectSection
EndProject
Project("{9A19103F-16F7-4668-BE54-9A1E7A4F7556}") = "TestDataGenerator", "TestDataGenerator\TestDataGenerator.csproj", "{FBBF14F5-86D8-4FD4-ADA8-A3DB10DE6300}"
EndProject
Project("{E6C563F2-BDC2-4A24-ACBF-01715157DCBB}") = "DowntimeReport", "DowntimeReport\DowntimeReport.asaproj", "{B5613E91-B5B7-4BAA-8B44-7D46628D704D}"
EndProject
Global
	GlobalSection(SolutionConfigurationPlatforms) = preSolution
		Debug|Any CPU = Debug|Any CPU
		Release|Any CPU = Release|Any CPU
	EndGlobalSection
	GlobalSection(ProjectConfigurationPlatforms) = postSolution
		{05AC7328-10BD-497D-BF91-864019C734AA}.Debug|Any CPU.ActiveCfg = Debug|Any CPU
		{05AC7328-10BD-497D-BF91-864019C734AA}.Debug|Any CPU.Build.0 = Debug|Any CPU
		{05AC7328-10BD-497D-BF91-864019C734AA}.Release|Any CPU.ActiveCfg = Release|Any CPU
		{05AC7328-10BD-497D-BF91-864019C734AA}.Release|Any CPU.Build.0 = Release|Any CPU
		{D202DA77-74DE-44EE-B95C-13EB12A7663E}.Debug|Any CPU.ActiveCfg = Debug|Any CPU
		{D202DA77-74DE-44EE-B95C-13EB12A7663E}.Debug|Any CPU.Build.0 = Debug|Any CPU
		{D202DA77-74DE-44EE-B95C-13EB12A7663E}.Release|Any CPU.ActiveCfg = Release|Any CPU
		{D202DA77-74DE-44EE-B95C-13EB12A7663E}.Release|Any CPU.Build.0 = Release|Any CPU
		{B3E8DE70-97B4-4E2E-924A-9233DFF8403A}.Debug|Any CPU.ActiveCfg = Debug|Any CPU
		{B3E8DE70-97B4-4E2E-924A-9233DFF8403A}.Debug|Any CPU.Build.0 = Debug|Any CPU
		{B3E8DE70-97B4-4E2E-924A-9233DFF8403A}.Release|Any CPU.ActiveCfg = Release|Any CPU
		{B3E8DE70-97B4-4E2E-924A-9233DFF8403A}.Release|Any CPU.Build.0 = Release|Any CPU
		{11576BCF-38F6-4836-A507-1BF863D1BE19}.Debug|Any CPU.ActiveCfg = Debug|Any CPU
		{11576BCF-38F6-4836-A507-1BF863D1BE19}.Debug|Any CPU.Build.0 = Debug|Any CPU
		{11576BCF-38F6-4836-A507-1BF863D1BE19}.Release|Any CPU.ActiveCfg = Release|Any CPU
		{11576BCF-38F6-4836-A507-1BF863D1BE19}.Release|Any CPU.Build.0 = Release|Any CPU
		{C901A942-03CA-441D-9DE7-7F53FFBB76B5}.Debug|Any CPU.ActiveCfg = Debug|Any CPU
		{C901A942-03CA-441D-9DE7-7F53FFBB76B5}.Debug|Any CPU.Build.0 = Debug|Any CPU
		{C901A942-03CA-441D-9DE7-7F53FFBB76B5}.Release|Any CPU.ActiveCfg = Release|Any CPU
		{C901A942-03CA-441D-9DE7-7F53FFBB76B5}.Release|Any CPU.Build.0 = Release|Any CPU
		{FBBF14F5-86D8-4FD4-ADA8-A3DB10DE6300}.Debug|Any CPU.ActiveCfg = Debug|Any CPU
		{FBBF14F5-86D8-4FD4-ADA8-A3DB10DE6300}.Debug|Any CPU.Build.0 = Debug|Any CPU
		{FBBF14F5-86D8-4FD4-ADA8-A3DB10DE6300}.Release|Any CPU.ActiveCfg = Release|Any CPU
		{FBBF14F5-86D8-4FD4-ADA8-A3DB10DE6300}.Release|Any CPU.Build.0 = Release|Any CPU
		{B5613E91-B5B7-4BAA-8B44-7D46628D704D}.Debug|Any CPU.ActiveCfg = Debug|Any CPU
		{B5613E91-B5B7-4BAA-8B44-7D46628D704D}.Debug|Any CPU.Build.0 = Debug|Any CPU
		{B5613E91-B5B7-4BAA-8B44-7D46628D704D}.Release|Any CPU.ActiveCfg = Release|Any CPU
		{B5613E91-B5B7-4BAA-8B44-7D46628D704D}.Release|Any CPU.Build.0 = Release|Any CPU
	EndGlobalSection
	GlobalSection(SolutionProperties) = preSolution
		HideSolutionNode = FALSE
	EndGlobalSection
	GlobalSection(ExtensibilityGlobals) = postSolution
		SolutionGuid = {AAFA5401-111B-4B4C-AB61-87D7D51CAD7D}
	EndGlobalSection
	GlobalSection(Performance) = preSolution
		HasPerformanceSessions = true
	EndGlobalSection
EndGlobal
