
Microsoft Visual Studio Solution File, Format Version 12.00
# Visual Studio 15
VisualStudioVersion = 15.0.28010.0
MinimumVisualStudioVersion = 10.0.40219.1
Project("{9A19103F-16F7-4668-BE54-9A1E7A4F7556}") = "TripViewer", "web\TripViewer.csproj", "{0E27500B-3E9B-437B-8FA4-238A77CC0A4E}"
EndProject
Global
	GlobalSection(SolutionConfigurationPlatforms) = preSolution
		Debug|Any CPU = Debug|Any CPU
		Release|Any CPU = Release|Any CPU
	EndGlobalSection
	GlobalSection(ProjectConfigurationPlatforms) = postSolution
		{0E27500B-3E9B-437B-8FA4-238A77CC0A4E}.Debug|Any CPU.ActiveCfg = Debug|Any CPU
		{0E27500B-3E9B-437B-8FA4-238A77CC0A4E}.Debug|Any CPU.Build.0 = Debug|Any CPU
		{0E27500B-3E9B-437B-8FA4-238A77CC0A4E}.Release|Any CPU.ActiveCfg = Release|Any CPU
		{0E27500B-3E9B-437B-8FA4-238A77CC0A4E}.Release|Any CPU.Build.0 = Release|Any CPU
	EndGlobalSection
	GlobalSection(SolutionProperties) = preSolution
		HideSolutionNode = FALSE
	EndGlobalSection
	GlobalSection(ExtensibilityGlobals) = postSolution
		SolutionGuid = {616BB73D-5BC1-4E89-80DA-4839B84D9474}
	EndGlobalSection
EndGlobal
