
Microsoft Visual Studio Solution File, Format Version 12.00
# Visual Studio 2012
Project("{FAE04EC0-301F-11D3-BF4B-00C04F79EFBC}") = "Sentinel", "web/Sentinel.csproj", "{A867EF3E-ED1D-486E-9863-63BC36EBA5A5}"
EndProject
Global
	GlobalSection(SolutionConfigurationPlatforms) = preSolution
		Debug|Any CPU = Debug|Any CPU
		Release|Any CPU = Release|Any CPU
	EndGlobalSection
	GlobalSection(ProjectConfigurationPlatforms) = postSolution
		{A867EF3E-ED1D-486E-9863-63BC36EBA5A5}.Debug|Any CPU.ActiveCfg = Debug|Any CPU
		{A867EF3E-ED1D-486E-9863-63BC36EBA5A5}.Debug|Any CPU.Build.0 = Debug|Any CPU
		{A867EF3E-ED1D-486E-9863-63BC36EBA5A5}.Release|Any CPU.ActiveCfg = Release|Any CPU
		{A867EF3E-ED1D-486E-9863-63BC36EBA5A5}.Release|Any CPU.Build.0 = Release|Any CPU
	EndGlobalSection
EndGlobal
